
Microsoft Visual Studio Solution File, Format Version 12.00
# Visual Studio Version 16
VisualStudioVersion = 16.0.29215.179
MinimumVisualStudioVersion = 10.0.40219.1
Project("{FAE04EC0-301F-11D3-BF4B-00C04F79EFBC}") = "UploadFileInLinux", "UploadFileInLinux\UploadFileInLinux.csproj", "{18B010E1-5853-486D-8153-A28570B89C4F}"
EndProject
Global
	GlobalSection(SolutionConfigurationPlatforms) = preSolution
		Debug|Any CPU = Debug|Any CPU
		Release|Any CPU = Release|Any CPU
	EndGlobalSection
	GlobalSection(ProjectConfigurationPlatforms) = postSolution
		{18B010E1-5853-486D-8153-A28570B89C4F}.Debug|Any CPU.ActiveCfg = Debug|Any CPU
		{18B010E1-5853-486D-8153-A28570B89C4F}.Debug|Any CPU.Build.0 = Debug|Any CPU
		{18B010E1-5853-486D-8153-A28570B89C4F}.Release|Any CPU.ActiveCfg = Release|Any CPU
		{18B010E1-5853-486D-8153-A28570B89C4F}.Release|Any CPU.Build.0 = Release|Any CPU
	EndGlobalSection
	GlobalSection(SolutionProperties) = preSolution
		HideSolutionNode = FALSE
	EndGlobalSection
	GlobalSection(ExtensibilityGlobals) = postSolution
		SolutionGuid = {ED26345B-1635-4FC6-B2C3-763DA6AA5157}
	EndGlobalSection
EndGlobal
